
Microsoft Visual Studio Solution File, Format Version 12.00
# Visual Studio Version 16
VisualStudioVersion = 16.0.32228.343
MinimumVisualStudioVersion = 10.0.40219.1
Project("{FAE04EC0-301F-11D3-BF4B-00C04F79EFBC}") = "Ecommerce", "Ecommerce\Ecommerce.csproj", "{FC474A6E-ABF5-45E3-B7B7-EC5BCBA2CB38}"
EndProject
Global
	GlobalSection(SolutionConfigurationPlatforms) = preSolution
		Debug|Any CPU = Debug|Any CPU
		Release|Any CPU = Release|Any CPU
	EndGlobalSection
	GlobalSection(ProjectConfigurationPlatforms) = postSolution
		{FC474A6E-ABF5-45E3-B7B7-EC5BCBA2CB38}.Debug|Any CPU.ActiveCfg = Debug|Any CPU
		{FC474A6E-ABF5-45E3-B7B7-EC5BCBA2CB38}.Debug|Any CPU.Build.0 = Debug|Any CPU
		{FC474A6E-ABF5-45E3-B7B7-EC5BCBA2CB38}.Release|Any CPU.ActiveCfg = Release|Any CPU
		{FC474A6E-ABF5-45E3-B7B7-EC5BCBA2CB38}.Release|Any CPU.Build.0 = Release|Any CPU
	EndGlobalSection
	GlobalSection(SolutionProperties) = preSolution
		HideSolutionNode = FALSE
	EndGlobalSection
	GlobalSection(ExtensibilityGlobals) = postSolution
		SolutionGuid = {F63B76E2-21D4-40B7-8B26-F534738C5FD6}
	EndGlobalSection
EndGlobal
